Microsoft Visual Studio Solution File, Format Version 10.00
# Visual Studio 2008
Project("{8BC9CEB8-8B4A-11D0-8D11-00A0C91BC942}") = "ALL_BUILD", "ALL_BUILD.vcproj", "{5146CA56-0664-4CC2-B75F-161EB59361CD}"
	ProjectSection(ProjectDependencies) = postProject
		{D97B34E6-AC58-4B6C-8045-EC3D5612F787} = {D97B34E6-AC58-4B6C-8045-EC3D5612F787}
		{DB20319C-3049-4F0A-807E-C76DF192BC9C} = {DB20319C-3049-4F0A-807E-C76DF192BC9C}
		{5F742418-52D4-449D-AA2C-F9964CC55DA1} = {5F742418-52D4-449D-AA2C-F9964CC55DA1}
		{3C2BAA28-79F6-43E6-9A2C-E02AD576DA29} = {3C2BAA28-79F6-43E6-9A2C-E02AD576DA29}
		{D695ACC4-5AD2-43D5-B95D-CD9E26D865BC} = {D695ACC4-5AD2-43D5-B95D-CD9E26D865BC}
		{4086C4A0-9C80-4715-B602-B32E7774CE2A} = {4086C4A0-9C80-4715-B602-B32E7774CE2A}
		{3DB70DA5-BF67-4047-8A80-1FDD20F927EC} = {3DB70DA5-BF67-4047-8A80-1FDD20F927EC}
		{2C20EAE4-4AED-4535-A8C0-091B09B7A5F0} = {2C20EAE4-4AED-4535-A8C0-091B09B7A5F0}
		{B044EF75-7E9A-4D6D-BD2E-3D8BD9B6CAA6} = {B044EF75-7E9A-4D6D-BD2E-3D8BD9B6CAA6}
		{5756CF8A-019A-47A3-B005-CCE8EC09D5BA} = {5756CF8A-019A-47A3-B005-CCE8EC09D5BA}
		{681E63FA-CA56-4202-8EAE-557BBED3C136} = {681E63FA-CA56-4202-8EAE-557BBED3C136}
		{4AECCB35-BBC5-4D68-B92A-FEBB12AECB15} = {4AECCB35-BBC5-4D68-B92A-FEBB12AECB15}
		{CD87BFB6-0925-43F8-965D-F41F56FBA134} = {CD87BFB6-0925-43F8-965D-F41F56FBA134}
		{F59D32B0-E299-4A86-97A5-ACDADA13E6AE} = {F59D32B0-E299-4A86-97A5-ACDADA13E6AE}
	EndProjectSection
EndProject
Project("{8BC9CEB8-8B4A-11D0-8D11-00A0C91BC942}") = "Continuous", "Continuous.vcproj", "{02304289-D7E2-40DA-AA32-2C12B2158AA8}"
	ProjectSection(ProjectDependencies) = postProject
		{D97B34E6-AC58-4B6C-8045-EC3D5612F787} = {D97B34E6-AC58-4B6C-8045-EC3D5612F787}
	EndProjectSection
EndProject
Project("{8BC9CEB8-8B4A-11D0-8D11-00A0C91BC942}") = "Experimental", "Experimental.vcproj", "{53274A8E-784E-4B73-88FD-59A10F6DB89C}"
	ProjectSection(ProjectDependencies) = postProject
		{D97B34E6-AC58-4B6C-8045-EC3D5612F787} = {D97B34E6-AC58-4B6C-8045-EC3D5612F787}
	EndProjectSection
EndProject
Project("{8BC9CEB8-8B4A-11D0-8D11-00A0C91BC942}") = "INSTALL", "INSTALL.vcproj", "{A4400694-070E-4EBF-8D66-2EC928E1075D}"
	ProjectSection(ProjectDependencies) = postProject
		{5146CA56-0664-4CC2-B75F-161EB59361CD} = {5146CA56-0664-4CC2-B75F-161EB59361CD}
	EndProjectSection
EndProject
Project("{8BC9CEB8-8B4A-11D0-8D11-00A0C91BC942}") = "Nightly", "Nightly.vcproj", "{DC445D1A-A7E1-46AB-9F4A-3D355B6CCC0A}"
	ProjectSection(ProjectDependencies) = postProject
		{D97B34E6-AC58-4B6C-8045-EC3D5612F787} = {D97B34E6-AC58-4B6C-8045-EC3D5612F787}
	EndProjectSection
EndProject
Project("{8BC9CEB8-8B4A-11D0-8D11-00A0C91BC942}") = "NightlyMemoryCheck", "NightlyMemoryCheck.vcproj", "{FA4A138B-19C7-48FB-80F5-29F7C727D94F}"
	ProjectSection(ProjectDependencies) = postProject
		{D97B34E6-AC58-4B6C-8045-EC3D5612F787} = {D97B34E6-AC58-4B6C-8045-EC3D5612F787}
	EndProjectSection
EndProject
Project("{8BC9CEB8-8B4A-11D0-8D11-00A0C91BC942}") = "PACKAGE", "PACKAGE.vcproj", "{3831D12E-00D2-493A-ABF2-27CF55468CEA}"
	ProjectSection(ProjectDependencies) = postProject
		{5146CA56-0664-4CC2-B75F-161EB59361CD} = {5146CA56-0664-4CC2-B75F-161EB59361CD}
	EndProjectSection
EndProject
Project("{8BC9CEB8-8B4A-11D0-8D11-00A0C91BC942}") = "RUN_TESTS", "RUN_TESTS.vcproj", "{B91959E2-851A-4904-84E3-E430EB4CB1F4}"
	ProjectSection(ProjectDependencies) = postProject
	EndProjectSection
EndProject
Project("{8BC9CEB8-8B4A-11D0-8D11-00A0C91BC942}") = "ZERO_CHECK", "ZERO_CHECK.vcproj", "{D97B34E6-AC58-4B6C-8045-EC3D5612F787}"
	ProjectSection(ProjectDependencies) = postProject
	EndProjectSection
EndProject
Project("{8BC9CEB8-8B4A-11D0-8D11-00A0C91BC942}") = "sigar", "build-src\sigar.vcproj", "{DB20319C-3049-4F0A-807E-C76DF192BC9C}"
	ProjectSection(ProjectDependencies) = postProject
		{D97B34E6-AC58-4B6C-8045-EC3D5612F787} = {D97B34E6-AC58-4B6C-8045-EC3D5612F787}
	EndProjectSection
EndProject
Project("{8BC9CEB8-8B4A-11D0-8D11-00A0C91BC942}") = "t_sigar_cpu", "build-tests\t_sigar_cpu.vcproj", "{5F742418-52D4-449D-AA2C-F9964CC55DA1}"
	ProjectSection(ProjectDependencies) = postProject
		{D97B34E6-AC58-4B6C-8045-EC3D5612F787} = {D97B34E6-AC58-4B6C-8045-EC3D5612F787}
		{DB20319C-3049-4F0A-807E-C76DF192BC9C} = {DB20319C-3049-4F0A-807E-C76DF192BC9C}
	EndProjectSection
EndProject
Project("{8BC9CEB8-8B4A-11D0-8D11-00A0C91BC942}") = "t_sigar_fs", "build-tests\t_sigar_fs.vcproj", "{3C2BAA28-79F6-43E6-9A2C-E02AD576DA29}"
	ProjectSection(ProjectDependencies) = postProject
		{D97B34E6-AC58-4B6C-8045-EC3D5612F787} = {D97B34E6-AC58-4B6C-8045-EC3D5612F787}
		{DB20319C-3049-4F0A-807E-C76DF192BC9C} = {DB20319C-3049-4F0A-807E-C76DF192BC9C}
	EndProjectSection
EndProject
Project("{8BC9CEB8-8B4A-11D0-8D11-00A0C91BC942}") = "t_sigar_loadavg", "build-tests\t_sigar_loadavg.vcproj", "{D695ACC4-5AD2-43D5-B95D-CD9E26D865BC}"
	ProjectSection(ProjectDependencies) = postProject
		{D97B34E6-AC58-4B6C-8045-EC3D5612F787} = {D97B34E6-AC58-4B6C-8045-EC3D5612F787}
		{DB20319C-3049-4F0A-807E-C76DF192BC9C} = {DB20319C-3049-4F0A-807E-C76DF192BC9C}
	EndProjectSection
EndProject
Project("{8BC9CEB8-8B4A-11D0-8D11-00A0C91BC942}") = "t_sigar_mem", "build-tests\t_sigar_mem.vcproj", "{4086C4A0-9C80-4715-B602-B32E7774CE2A}"
	ProjectSection(ProjectDependencies) = postProject
		{D97B34E6-AC58-4B6C-8045-EC3D5612F787} = {D97B34E6-AC58-4B6C-8045-EC3D5612F787}
		{DB20319C-3049-4F0A-807E-C76DF192BC9C} = {DB20319C-3049-4F0A-807E-C76DF192BC9C}
	EndProjectSection
EndProject
Project("{8BC9CEB8-8B4A-11D0-8D11-00A0C91BC942}") = "t_sigar_netconn", "build-tests\t_sigar_netconn.vcproj", "{3DB70DA5-BF67-4047-8A80-1FDD20F927EC}"
	ProjectSection(ProjectDependencies) = postProject
		{D97B34E6-AC58-4B6C-8045-EC3D5612F787} = {D97B34E6-AC58-4B6C-8045-EC3D5612F787}
		{DB20319C-3049-4F0A-807E-C76DF192BC9C} = {DB20319C-3049-4F0A-807E-C76DF192BC9C}
	EndProjectSection
EndProject
Project("{8BC9CEB8-8B4A-11D0-8D11-00A0C91BC942}") = "t_sigar_netif", "build-tests\t_sigar_netif.vcproj", "{2C20EAE4-4AED-4535-A8C0-091B09B7A5F0}"
	ProjectSection(ProjectDependencies) = postProject
		{D97B34E6-AC58-4B6C-8045-EC3D5612F787} = {D97B34E6-AC58-4B6C-8045-EC3D5612F787}
		{DB20319C-3049-4F0A-807E-C76DF192BC9C} = {DB20319C-3049-4F0A-807E-C76DF192BC9C}
	EndProjectSection
EndProject
Project("{8BC9CEB8-8B4A-11D0-8D11-00A0C91BC942}") = "t_sigar_pid", "build-tests\t_sigar_pid.vcproj", "{B044EF75-7E9A-4D6D-BD2E-3D8BD9B6CAA6}"
	ProjectSection(ProjectDependencies) = postProject
		{D97B34E6-AC58-4B6C-8045-EC3D5612F787} = {D97B34E6-AC58-4B6C-8045-EC3D5612F787}
		{DB20319C-3049-4F0A-807E-C76DF192BC9C} = {DB20319C-3049-4F0A-807E-C76DF192BC9C}
	EndProjectSection
EndProject
Project("{8BC9CEB8-8B4A-11D0-8D11-00A0C91BC942}") = "t_sigar_proc", "build-tests\t_sigar_proc.vcproj", "{5756CF8A-019A-47A3-B005-CCE8EC09D5BA}"
	ProjectSection(ProjectDependencies) = postProject
		{D97B34E6-AC58-4B6C-8045-EC3D5612F787} = {D97B34E6-AC58-4B6C-8045-EC3D5612F787}
		{DB20319C-3049-4F0A-807E-C76DF192BC9C} = {DB20319C-3049-4F0A-807E-C76DF192BC9C}
	EndProjectSection
EndProject
Project("{8BC9CEB8-8B4A-11D0-8D11-00A0C91BC942}") = "t_sigar_reslimit", "build-tests\t_sigar_reslimit.vcproj", "{681E63FA-CA56-4202-8EAE-557BBED3C136}"
	ProjectSection(ProjectDependencies) = postProject
		{D97B34E6-AC58-4B6C-8045-EC3D5612F787} = {D97B34E6-AC58-4B6C-8045-EC3D5612F787}
		{DB20319C-3049-4F0A-807E-C76DF192BC9C} = {DB20319C-3049-4F0A-807E-C76DF192BC9C}
	EndProjectSection
EndProject
Project("{8BC9CEB8-8B4A-11D0-8D11-00A0C91BC942}") = "t_sigar_swap", "build-tests\t_sigar_swap.vcproj", "{4AECCB35-BBC5-4D68-B92A-FEBB12AECB15}"
	ProjectSection(ProjectDependencies) = postProject
		{D97B34E6-AC58-4B6C-8045-EC3D5612F787} = {D97B34E6-AC58-4B6C-8045-EC3D5612F787}
		{DB20319C-3049-4F0A-807E-C76DF192BC9C} = {DB20319C-3049-4F0A-807E-C76DF192BC9C}
	EndProjectSection
EndProject
Project("{8BC9CEB8-8B4A-11D0-8D11-00A0C91BC942}") = "t_sigar_sysinfo", "build-tests\t_sigar_sysinfo.vcproj", "{CD87BFB6-0925-43F8-965D-F41F56FBA134}"
	ProjectSection(ProjectDependencies) = postProject
		{D97B34E6-AC58-4B6C-8045-EC3D5612F787} = {D97B34E6-AC58-4B6C-8045-EC3D5612F787}
		{DB20319C-3049-4F0A-807E-C76DF192BC9C} = {DB20319C-3049-4F0A-807E-C76DF192BC9C}
	EndProjectSection
EndProject
Project("{8BC9CEB8-8B4A-11D0-8D11-00A0C91BC942}") = "t_sigar_uptime", "build-tests\t_sigar_uptime.vcproj", "{F59D32B0-E299-4A86-97A5-ACDADA13E6AE}"
	ProjectSection(ProjectDependencies) = postProject
		{D97B34E6-AC58-4B6C-8045-EC3D5612F787} = {D97B34E6-AC58-4B6C-8045-EC3D5612F787}
		{DB20319C-3049-4F0A-807E-C76DF192BC9C} = {DB20319C-3049-4F0A-807E-C76DF192BC9C}
	EndProjectSection
EndProject
Global
	GlobalSection(SolutionConfigurationPlatforms) = preSolution
		Debug|Win32 = Debug|Win32
		Release|Win32 = Release|Win32
		MinSizeRel|Win32 = MinSizeRel|Win32
		RelWithDebInfo|Win32 = RelWithDebInfo|Win32
	EndGlobalSection
	GlobalSection(ProjectConfigurationPlatforms) = postSolution
		{5146CA56-0664-4CC2-B75F-161EB59361CD}.Debug|Win32.ActiveCfg = Debug|Win32
		{5146CA56-0664-4CC2-B75F-161EB59361CD}.Debug|Win32.Build.0 = Debug|Win32
		{5146CA56-0664-4CC2-B75F-161EB59361CD}.Release|Win32.ActiveCfg = Release|Win32
		{5146CA56-0664-4CC2-B75F-161EB59361CD}.Release|Win32.Build.0 = Release|Win32
		{5146CA56-0664-4CC2-B75F-161EB59361CD}.MinSizeRel|Win32.ActiveCfg = MinSizeRel|Win32
		{5146CA56-0664-4CC2-B75F-161EB59361CD}.MinSizeRel|Win32.Build.0 = MinSizeRel|Win32
		{5146CA56-0664-4CC2-B75F-161EB59361CD}.RelWithDebInfo|Win32.ActiveCfg = RelWithDebInfo|Win32
		{5146CA56-0664-4CC2-B75F-161EB59361CD}.RelWithDebInfo|Win32.Build.0 = RelWithDebInfo|Win32
		{02304289-D7E2-40DA-AA32-2C12B2158AA8}.Debug|Win32.ActiveCfg = Debug|Win32
		{02304289-D7E2-40DA-AA32-2C12B2158AA8}.Release|Win32.ActiveCfg = Release|Win32
		{02304289-D7E2-40DA-AA32-2C12B2158AA8}.MinSizeRel|Win32.ActiveCfg = MinSizeRel|Win32
		{02304289-D7E2-40DA-AA32-2C12B2158AA8}.RelWithDebInfo|Win32.ActiveCfg = RelWithDebInfo|Win32
		{53274A8E-784E-4B73-88FD-59A10F6DB89C}.Debug|Win32.ActiveCfg = Debug|Win32
		{53274A8E-784E-4B73-88FD-59A10F6DB89C}.Release|Win32.ActiveCfg = Release|Win32
		{53274A8E-784E-4B73-88FD-59A10F6DB89C}.MinSizeRel|Win32.ActiveCfg = MinSizeRel|Win32
		{53274A8E-784E-4B73-88FD-59A10F6DB89C}.RelWithDebInfo|Win32.ActiveCfg = RelWithDebInfo|Win32
		{A4400694-070E-4EBF-8D66-2EC928E1075D}.Debug|Win32.ActiveCfg = Debug|Win32
		{A4400694-070E-4EBF-8D66-2EC928E1075D}.Release|Win32.ActiveCfg = Release|Win32
		{A4400694-070E-4EBF-8D66-2EC928E1075D}.MinSizeRel|Win32.ActiveCfg = MinSizeRel|Win32
		{A4400694-070E-4EBF-8D66-2EC928E1075D}.RelWithDebInfo|Win32.ActiveCfg = RelWithDebInfo|Win32
		{DC445D1A-A7E1-46AB-9F4A-3D355B6CCC0A}.Debug|Win32.ActiveCfg = Debug|Win32
		{DC445D1A-A7E1-46AB-9F4A-3D355B6CCC0A}.Release|Win32.ActiveCfg = Release|Win32
		{DC445D1A-A7E1-46AB-9F4A-3D355B6CCC0A}.MinSizeRel|Win32.ActiveCfg = MinSizeRel|Win32
		{DC445D1A-A7E1-46AB-9F4A-3D355B6CCC0A}.RelWithDebInfo|Win32.ActiveCfg = RelWithDebInfo|Win32
		{FA4A138B-19C7-48FB-80F5-29F7C727D94F}.Debug|Win32.ActiveCfg = Debug|Win32
		{FA4A138B-19C7-48FB-80F5-29F7C727D94F}.Release|Win32.ActiveCfg = Release|Win32
		{FA4A138B-19C7-48FB-80F5-29F7C727D94F}.MinSizeRel|Win32.ActiveCfg = MinSizeRel|Win32
		{FA4A138B-19C7-48FB-80F5-29F7C727D94F}.RelWithDebInfo|Win32.ActiveCfg = RelWithDebInfo|Win32
		{3831D12E-00D2-493A-ABF2-27CF55468CEA}.Debug|Win32.ActiveCfg = Debug|Win32
		{3831D12E-00D2-493A-ABF2-27CF55468CEA}.Release|Win32.ActiveCfg = Release|Win32
		{3831D12E-00D2-493A-ABF2-27CF55468CEA}.MinSizeRel|Win32.ActiveCfg = MinSizeRel|Win32
		{3831D12E-00D2-493A-ABF2-27CF55468CEA}.RelWithDebInfo|Win32.ActiveCfg = RelWithDebInfo|Win32
		{B91959E2-851A-4904-84E3-E430EB4CB1F4}.Debug|Win32.ActiveCfg = Debug|Win32
		{B91959E2-851A-4904-84E3-E430EB4CB1F4}.Release|Win32.ActiveCfg = Release|Win32
		{B91959E2-851A-4904-84E3-E430EB4CB1F4}.MinSizeRel|Win32.ActiveCfg = MinSizeRel|Win32
		{B91959E2-851A-4904-84E3-E430EB4CB1F4}.RelWithDebInfo|Win32.ActiveCfg = RelWithDebInfo|Win32
		{D97B34E6-AC58-4B6C-8045-EC3D5612F787}.Debug|Win32.ActiveCfg = Debug|Win32
		{D97B34E6-AC58-4B6C-8045-EC3D5612F787}.Debug|Win32.Build.0 = Debug|Win32
		{D97B34E6-AC58-4B6C-8045-EC3D5612F787}.Release|Win32.ActiveCfg = Release|Win32
		{D97B34E6-AC58-4B6C-8045-EC3D5612F787}.Release|Win32.Build.0 = Release|Win32
		{D97B34E6-AC58-4B6C-8045-EC3D5612F787}.MinSizeRel|Win32.ActiveCfg = MinSizeRel|Win32
		{D97B34E6-AC58-4B6C-8045-EC3D5612F787}.MinSizeRel|Win32.Build.0 = MinSizeRel|Win32
		{D97B34E6-AC58-4B6C-8045-EC3D5612F787}.RelWithDebInfo|Win32.ActiveCfg = RelWithDebInfo|Win32
		{D97B34E6-AC58-4B6C-8045-EC3D5612F787}.RelWithDebInfo|Win32.Build.0 = RelWithDebInfo|Win32
		{DB20319C-3049-4F0A-807E-C76DF192BC9C}.Debug|Win32.ActiveCfg = Debug|Win32
		{DB20319C-3049-4F0A-807E-C76DF192BC9C}.Debug|Win32.Build.0 = Debug|Win32
		{DB20319C-3049-4F0A-807E-C76DF192BC9C}.Release|Win32.ActiveCfg = Release|Win32
		{DB20319C-3049-4F0A-807E-C76DF192BC9C}.Release|Win32.Build.0 = Release|Win32
		{DB20319C-3049-4F0A-807E-C76DF192BC9C}.MinSizeRel|Win32.ActiveCfg = MinSizeRel|Win32
		{DB20319C-3049-4F0A-807E-C76DF192BC9C}.MinSizeRel|Win32.Build.0 = MinSizeRel|Win32
		{DB20319C-3049-4F0A-807E-C76DF192BC9C}.RelWithDebInfo|Win32.ActiveCfg = RelWithDebInfo|Win32
		{DB20319C-3049-4F0A-807E-C76DF192BC9C}.RelWithDebInfo|Win32.Build.0 = RelWithDebInfo|Win32
		{5F742418-52D4-449D-AA2C-F9964CC55DA1}.Debug|Win32.ActiveCfg = Debug|Win32
		{5F742418-52D4-449D-AA2C-F9964CC55DA1}.Debug|Win32.Build.0 = Debug|Win32
		{5F742418-52D4-449D-AA2C-F9964CC55DA1}.Release|Win32.ActiveCfg = Release|Win32
		{5F742418-52D4-449D-AA2C-F9964CC55DA1}.Release|Win32.Build.0 = Release|Win32
		{5F742418-52D4-449D-AA2C-F9964CC55DA1}.MinSizeRel|Win32.ActiveCfg = MinSizeRel|Win32
		{5F742418-52D4-449D-AA2C-F9964CC55DA1}.MinSizeRel|Win32.Build.0 = MinSizeRel|Win32
		{5F742418-52D4-449D-AA2C-F9964CC55DA1}.RelWithDebInfo|Win32.ActiveCfg = RelWithDebInfo|Win32
		{5F742418-52D4-449D-AA2C-F9964CC55DA1}.RelWithDebInfo|Win32.Build.0 = RelWithDebInfo|Win32
		{3C2BAA28-79F6-43E6-9A2C-E02AD576DA29}.Debug|Win32.ActiveCfg = Debug|Win32
		{3C2BAA28-79F6-43E6-9A2C-E02AD576DA29}.Debug|Win32.Build.0 = Debug|Win32
		{3C2BAA28-79F6-43E6-9A2C-E02AD576DA29}.Release|Win32.ActiveCfg = Release|Win32
		{3C2BAA28-79F6-43E6-9A2C-E02AD576DA29}.Release|Win32.Build.0 = Release|Win32
		{3C2BAA28-79F6-43E6-9A2C-E02AD576DA29}.MinSizeRel|Win32.ActiveCfg = MinSizeRel|Win32
		{3C2BAA28-79F6-43E6-9A2C-E02AD576DA29}.MinSizeRel|Win32.Build.0 = MinSizeRel|Win32
		{3C2BAA28-79F6-43E6-9A2C-E02AD576DA29}.RelWithDebInfo|Win32.ActiveCfg = RelWithDebInfo|Win32
		{3C2BAA28-79F6-43E6-9A2C-E02AD576DA29}.RelWithDebInfo|Win32.Build.0 = RelWithDebInfo|Win32
		{D695ACC4-5AD2-43D5-B95D-CD9E26D865BC}.Debug|Win32.ActiveCfg = Debug|Win32
		{D695ACC4-5AD2-43D5-B95D-CD9E26D865BC}.Debug|Win32.Build.0 = Debug|Win32
		{D695ACC4-5AD2-43D5-B95D-CD9E26D865BC}.Release|Win32.ActiveCfg = Release|Win32
		{D695ACC4-5AD2-43D5-B95D-CD9E26D865BC}.Release|Win32.Build.0 = Release|Win32
		{D695ACC4-5AD2-43D5-B95D-CD9E26D865BC}.MinSizeRel|Win32.ActiveCfg = MinSizeRel|Win32
		{D695ACC4-5AD2-43D5-B95D-CD9E26D865BC}.MinSizeRel|Win32.Build.0 = MinSizeRel|Win32
		{D695ACC4-5AD2-43D5-B95D-CD9E26D865BC}.RelWithDebInfo|Win32.ActiveCfg = RelWithDebInfo|Win32
		{D695ACC4-5AD2-43D5-B95D-CD9E26D865BC}.RelWithDebInfo|Win32.Build.0 = RelWithDebInfo|Win32
		{4086C4A0-9C80-4715-B602-B32E7774CE2A}.Debug|Win32.ActiveCfg = Debug|Win32
		{4086C4A0-9C80-4715-B602-B32E7774CE2A}.Debug|Win32.Build.0 = Debug|Win32
		{4086C4A0-9C80-4715-B602-B32E7774CE2A}.Release|Win32.ActiveCfg = Release|Win32
		{4086C4A0-9C80-4715-B602-B32E7774CE2A}.Release|Win32.Build.0 = Release|Win32
		{4086C4A0-9C80-4715-B602-B32E7774CE2A}.MinSizeRel|Win32.ActiveCfg = MinSizeRel|Win32
		{4086C4A0-9C80-4715-B602-B32E7774CE2A}.MinSizeRel|Win32.Build.0 = MinSizeRel|Win32
		{4086C4A0-9C80-4715-B602-B32E7774CE2A}.RelWithDebInfo|Win32.ActiveCfg = RelWithDebInfo|Win32
		{4086C4A0-9C80-4715-B602-B32E7774CE2A}.RelWithDebInfo|Win32.Build.0 = RelWithDebInfo|Win32
		{3DB70DA5-BF67-4047-8A80-1FDD20F927EC}.Debug|Win32.ActiveCfg = Debug|Win32
		{3DB70DA5-BF67-4047-8A80-1FDD20F927EC}.Debug|Win32.Build.0 = Debug|Win32
		{3DB70DA5-BF67-4047-8A80-1FDD20F927EC}.Release|Win32.ActiveCfg = Release|Win32
		{3DB70DA5-BF67-4047-8A80-1FDD20F927EC}.Release|Win32.Build.0 = Release|Win32
		{3DB70DA5-BF67-4047-8A80-1FDD20F927EC}.MinSizeRel|Win32.ActiveCfg = MinSizeRel|Win32
		{3DB70DA5-BF67-4047-8A80-1FDD20F927EC}.MinSizeRel|Win32.Build.0 = MinSizeRel|Win32
		{3DB70DA5-BF67-4047-8A80-1FDD20F927EC}.RelWithDebInfo|Win32.ActiveCfg = RelWithDebInfo|Win32
		{3DB70DA5-BF67-4047-8A80-1FDD20F927EC}.RelWithDebInfo|Win32.Build.0 = RelWithDebInfo|Win32
		{2C20EAE4-4AED-4535-A8C0-091B09B7A5F0}.Debug|Win32.ActiveCfg = Debug|Win32
		{2C20EAE4-4AED-4535-A8C0-091B09B7A5F0}.Debug|Win32.Build.0 = Debug|Win32
		{2C20EAE4-4AED-4535-A8C0-091B09B7A5F0}.Release|Win32.ActiveCfg = Release|Win32
		{2C20EAE4-4AED-4535-A8C0-091B09B7A5F0}.Release|Win32.Build.0 = Release|Win32
		{2C20EAE4-4AED-4535-A8C0-091B09B7A5F0}.MinSizeRel|Win32.ActiveCfg = MinSizeRel|Win32
		{2C20EAE4-4AED-4535-A8C0-091B09B7A5F0}.MinSizeRel|Win32.Build.0 = MinSizeRel|Win32
		{2C20EAE4-4AED-4535-A8C0-091B09B7A5F0}.RelWithDebInfo|Win32.ActiveCfg = RelWithDebInfo|Win32
		{2C20EAE4-4AED-4535-A8C0-091B09B7A5F0}.RelWithDebInfo|Win32.Build.0 = RelWithDebInfo|Win32
		{B044EF75-7E9A-4D6D-BD2E-3D8BD9B6CAA6}.Debug|Win32.ActiveCfg = Debug|Win32
		{B044EF75-7E9A-4D6D-BD2E-3D8BD9B6CAA6}.Debug|Win32.Build.0 = Debug|Win32
		{B044EF75-7E9A-4D6D-BD2E-3D8BD9B6CAA6}.Release|Win32.ActiveCfg = Release|Win32
		{B044EF75-7E9A-4D6D-BD2E-3D8BD9B6CAA6}.Release|Win32.Build.0 = Release|Win32
		{B044EF75-7E9A-4D6D-BD2E-3D8BD9B6CAA6}.MinSizeRel|Win32.ActiveCfg = MinSizeRel|Win32
		{B044EF75-7E9A-4D6D-BD2E-3D8BD9B6CAA6}.MinSizeRel|Win32.Build.0 = MinSizeRel|Win32
		{B044EF75-7E9A-4D6D-BD2E-3D8BD9B6CAA6}.RelWithDebInfo|Win32.ActiveCfg = RelWithDebInfo|Win32
		{B044EF75-7E9A-4D6D-BD2E-3D8BD9B6CAA6}.RelWithDebInfo|Win32.Build.0 = RelWithDebInfo|Win32
		{5756CF8A-019A-47A3-B005-CCE8EC09D5BA}.Debug|Win32.ActiveCfg = Debug|Win32
		{5756CF8A-019A-47A3-B005-CCE8EC09D5BA}.Debug|Win32.Build.0 = Debug|Win32
		{5756CF8A-019A-47A3-B005-CCE8EC09D5BA}.Release|Win32.ActiveCfg = Release|Win32
		{5756CF8A-019A-47A3-B005-CCE8EC09D5BA}.Release|Win32.Build.0 = Release|Win32
		{5756CF8A-019A-47A3-B005-CCE8EC09D5BA}.MinSizeRel|Win32.ActiveCfg = MinSizeRel|Win32
		{5756CF8A-019A-47A3-B005-CCE8EC09D5BA}.MinSizeRel|Win32.Build.0 = MinSizeRel|Win32
		{5756CF8A-019A-47A3-B005-CCE8EC09D5BA}.RelWithDebInfo|Win32.ActiveCfg = RelWithDebInfo|Win32
		{5756CF8A-019A-47A3-B005-CCE8EC09D5BA}.RelWithDebInfo|Win32.Build.0 = RelWithDebInfo|Win32
		{681E63FA-CA56-4202-8EAE-557BBED3C136}.Debug|Win32.ActiveCfg = Debug|Win32
		{681E63FA-CA56-4202-8EAE-557BBED3C136}.Debug|Win32.Build.0 = Debug|Win32
		{681E63FA-CA56-4202-8EAE-557BBED3C136}.Release|Win32.ActiveCfg = Release|Win32
		{681E63FA-CA56-4202-8EAE-557BBED3C136}.Release|Win32.Build.0 = Release|Win32
		{681E63FA-CA56-4202-8EAE-557BBED3C136}.MinSizeRel|Win32.ActiveCfg = MinSizeRel|Win32
		{681E63FA-CA56-4202-8EAE-557BBED3C136}.MinSizeRel|Win32.Build.0 = MinSizeRel|Win32
		{681E63FA-CA56-4202-8EAE-557BBED3C136}.RelWithDebInfo|Win32.ActiveCfg = RelWithDebInfo|Win32
		{681E63FA-CA56-4202-8EAE-557BBED3C136}.RelWithDebInfo|Win32.Build.0 = RelWithDebInfo|Win32
		{4AECCB35-BBC5-4D68-B92A-FEBB12AECB15}.Debug|Win32.ActiveCfg = Debug|Win32
		{4AECCB35-BBC5-4D68-B92A-FEBB12AECB15}.Debug|Win32.Build.0 = Debug|Win32
		{4AECCB35-BBC5-4D68-B92A-FEBB12AECB15}.Release|Win32.ActiveCfg = Release|Win32
		{4AECCB35-BBC5-4D68-B92A-FEBB12AECB15}.Release|Win32.Build.0 = Release|Win32
		{4AECCB35-BBC5-4D68-B92A-FEBB12AECB15}.MinSizeRel|Win32.ActiveCfg = MinSizeRel|Win32
		{4AECCB35-BBC5-4D68-B92A-FEBB12AECB15}.MinSizeRel|Win32.Build.0 = MinSizeRel|Win32
		{4AECCB35-BBC5-4D68-B92A-FEBB12AECB15}.RelWithDebInfo|Win32.ActiveCfg = RelWithDebInfo|Win32
		{4AECCB35-BBC5-4D68-B92A-FEBB12AECB15}.RelWithDebInfo|Win32.Build.0 = RelWithDebInfo|Win32
		{CD87BFB6-0925-43F8-965D-F41F56FBA134}.Debug|Win32.ActiveCfg = Debug|Win32
		{CD87BFB6-0925-43F8-965D-F41F56FBA134}.Debug|Win32.Build.0 = Debug|Win32
		{CD87BFB6-0925-43F8-965D-F41F56FBA134}.Release|Win32.ActiveCfg = Release|Win32
		{CD87BFB6-0925-43F8-965D-F41F56FBA134}.Release|Win32.Build.0 = Release|Win32
		{CD87BFB6-0925-43F8-965D-F41F56FBA134}.MinSizeRel|Win32.ActiveCfg = MinSizeRel|Win32
		{CD87BFB6-0925-43F8-965D-F41F56FBA134}.MinSizeRel|Win32.Build.0 = MinSizeRel|Win32
		{CD87BFB6-0925-43F8-965D-F41F56FBA134}.RelWithDebInfo|Win32.ActiveCfg = RelWithDebInfo|Win32
		{CD87BFB6-0925-43F8-965D-F41F56FBA134}.RelWithDebInfo|Win32.Build.0 = RelWithDebInfo|Win32
		{F59D32B0-E299-4A86-97A5-ACDADA13E6AE}.Debug|Win32.ActiveCfg = Debug|Win32
		{F59D32B0-E299-4A86-97A5-ACDADA13E6AE}.Debug|Win32.Build.0 = Debug|Win32
		{F59D32B0-E299-4A86-97A5-ACDADA13E6AE}.Release|Win32.ActiveCfg = Release|Win32
		{F59D32B0-E299-4A86-97A5-ACDADA13E6AE}.Release|Win32.Build.0 = Release|Win32
		{F59D32B0-E299-4A86-97A5-ACDADA13E6AE}.MinSizeRel|Win32.ActiveCfg = MinSizeRel|Win32
		{F59D32B0-E299-4A86-97A5-ACDADA13E6AE}.MinSizeRel|Win32.Build.0 = MinSizeRel|Win32
		{F59D32B0-E299-4A86-97A5-ACDADA13E6AE}.RelWithDebInfo|Win32.ActiveCfg = RelWithDebInfo|Win32
		{F59D32B0-E299-4A86-97A5-ACDADA13E6AE}.RelWithDebInfo|Win32.Build.0 = RelWithDebInfo|Win32
	EndGlobalSection
	GlobalSection(ExtensibilityGlobals) = postSolution
	EndGlobalSection
	GlobalSection(ExtensibilityAddIns) = postSolution
	EndGlobalSection
EndGlobal
